
Microsoft Visual Studio Solution File, Format Version 12.00
# Visual Studio Version 17
VisualStudioVersion = 17.11.35327.3
MinimumVisualStudioVersion = 10.0.40219.1
Project("{2150E333-8FDC-42A3-9474-1A3956D46DE8}") = "1.SERVER", "1.SERVER", "{4608DE97-67DB-4CB2-8AA7-ED0141CD28ED}"
EndProject
Project("{2150E333-8FDC-42A3-9474-1A3956D46DE8}") = "2.Services", "2.Services", "{DE03FC00-2526-4E12-8D74-436E04C1CE7C}"
EndProject
Project("{2150E333-8FDC-42A3-9474-1A3956D46DE8}") = "3.REPOSITORY", "3.REPOSITORY", "{7621616C-C506-4D64-A5FC-E1415F8C0530}"
EndProject
Project("{2150E333-8FDC-42A3-9474-1A3956D46DE8}") = "4.CORE", "4.CORE", "{007BA238-5210-423A-92E4-46088638D3F9}"
EndProject
Project("{9A19103F-16F7-4668-BE54-9A1E7A4F7556}") = "OnlineShop.API", "OnlineShop.API\OnlineShop.API.csproj", "{4526F858-F5B6-49BC-BC7D-C218AB7B1E20}"
	ProjectSection(ProjectDependencies) = postProject
		{AB8E09D4-1AF8-4762-9DAC-0E9AB206E2C2} = {AB8E09D4-1AF8-4762-9DAC-0E9AB206E2C2}
	EndProjectSection
EndProject
Project("{9A19103F-16F7-4668-BE54-9A1E7A4F7556}") = "OnlineShop.Contract.Services", "OnlineShop.Contract.Services\OnlineShop.Contract.Services.csproj", "{59E5CED1-C560-45AC-8B34-FE623818A996}"
	ProjectSection(ProjectDependencies) = postProject
		{68E0F2E2-8ABE-49BB-AD42-08B93ED353D3} = {68E0F2E2-8ABE-49BB-AD42-08B93ED353D3}
	EndProjectSection
EndProject
Project("{9A19103F-16F7-4668-BE54-9A1E7A4F7556}") = "OnlineShop.Services", "OnlineShop.Services\OnlineShop.Services.csproj", "{AB8E09D4-1AF8-4762-9DAC-0E9AB206E2C2}"
	ProjectSection(ProjectDependencies) = postProject
		{59E5CED1-C560-45AC-8B34-FE623818A996} = {59E5CED1-C560-45AC-8B34-FE623818A996}
	EndProjectSection
EndProject
Project("{9A19103F-16F7-4668-BE54-9A1E7A4F7556}") = "OnlineShop.Contract.Repositories", "OnlineShop.Contract.Repositories\OnlineShop.Contract.Repositories.csproj", "{7EB51C65-E23C-4EC1-83D6-BAFC8F4FE1E3}"
	ProjectSection(ProjectDependencies) = postProject
		{19CFC231-E341-45A3-BEA3-6687FABB3AFF} = {19CFC231-E341-45A3-BEA3-6687FABB3AFF}
	EndProjectSection
EndProject
Project("{9A19103F-16F7-4668-BE54-9A1E7A4F7556}") = "OnlineShop.Entity", "OnlineShop.Entity\OnlineShop.Entity.csproj", "{796BE8B4-92EC-4652-8D84-7056A351A26E}"
	ProjectSection(ProjectDependencies) = postProject
		{9108688D-6789-4216-AE0E-E83FF03038C5} = {9108688D-6789-4216-AE0E-E83FF03038C5}
	EndProjectSection
EndProject
Project("{9A19103F-16F7-4668-BE54-9A1E7A4F7556}") = "OnlineShop.ModelViews", "OnlineShop.ModelViews\OnlineShop.ModelViews.csproj", "{19CFC231-E341-45A3-BEA3-6687FABB3AFF}"
	ProjectSection(ProjectDependencies) = postProject
		{796BE8B4-92EC-4652-8D84-7056A351A26E} = {796BE8B4-92EC-4652-8D84-7056A351A26E}
	EndProjectSection
EndProject
Project("{9A19103F-16F7-4668-BE54-9A1E7A4F7556}") = "OnlineShop.Repositories", "OnlineShop.Repositories\OnlineShop.Repositories.csproj", "{68E0F2E2-8ABE-49BB-AD42-08B93ED353D3}"
	ProjectSection(ProjectDependencies) = postProject
		{7EB51C65-E23C-4EC1-83D6-BAFC8F4FE1E3} = {7EB51C65-E23C-4EC1-83D6-BAFC8F4FE1E3}
	EndProjectSection
EndProject
Project("{9A19103F-16F7-4668-BE54-9A1E7A4F7556}") = "OnlineShop.Core", "OnlineShop.Core\OnlineShop.Core.csproj", "{9108688D-6789-4216-AE0E-E83FF03038C5}"
	ProjectSection(ProjectDependencies) = postProject
		{EF22B635-55CF-41AC-81C9-58760C8E8D79} = {EF22B635-55CF-41AC-81C9-58760C8E8D79}
	EndProjectSection
EndProject
Project("{9A19103F-16F7-4668-BE54-9A1E7A4F7556}") = "OnlineShop.Mapper", "OnlineShop.Mapper\OnlineShop.Mapper.csproj", "{EF22B635-55CF-41AC-81C9-58760C8E8D79}"
EndProject
Global
	GlobalSection(SolutionConfigurationPlatforms) = preSolution
		Debug|Any CPU = Debug|Any CPU
		Release|Any CPU = Release|Any CPU
	EndGlobalSection
	GlobalSection(ProjectConfigurationPlatforms) = postSolution
		{4526F858-F5B6-49BC-BC7D-C218AB7B1E20}.Debug|Any CPU.ActiveCfg = Debug|Any CPU
		{4526F858-F5B6-49BC-BC7D-C218AB7B1E20}.Debug|Any CPU.Build.0 = Debug|Any CPU
		{4526F858-F5B6-49BC-BC7D-C218AB7B1E20}.Release|Any CPU.ActiveCfg = Release|Any CPU
		{4526F858-F5B6-49BC-BC7D-C218AB7B1E20}.Release|Any CPU.Build.0 = Release|Any CPU
		{59E5CED1-C560-45AC-8B34-FE623818A996}.Debug|Any CPU.ActiveCfg = Debug|Any CPU
		{59E5CED1-C560-45AC-8B34-FE623818A996}.Debug|Any CPU.Build.0 = Debug|Any CPU
		{59E5CED1-C560-45AC-8B34-FE623818A996}.Release|Any CPU.ActiveCfg = Release|Any CPU
		{59E5CED1-C560-45AC-8B34-FE623818A996}.Release|Any CPU.Build.0 = Release|Any CPU
		{AB8E09D4-1AF8-4762-9DAC-0E9AB206E2C2}.Debug|Any CPU.ActiveCfg = Debug|Any CPU
		{AB8E09D4-1AF8-4762-9DAC-0E9AB206E2C2}.Debug|Any CPU.Build.0 = Debug|Any CPU
		{AB8E09D4-1AF8-4762-9DAC-0E9AB206E2C2}.Release|Any CPU.ActiveCfg = Release|Any CPU
		{AB8E09D4-1AF8-4762-9DAC-0E9AB206E2C2}.Release|Any CPU.Build.0 = Release|Any CPU
		{7EB51C65-E23C-4EC1-83D6-BAFC8F4FE1E3}.Debug|Any CPU.ActiveCfg = Debug|Any CPU
		{7EB51C65-E23C-4EC1-83D6-BAFC8F4FE1E3}.Debug|Any CPU.Build.0 = Debug|Any CPU
		{7EB51C65-E23C-4EC1-83D6-BAFC8F4FE1E3}.Release|Any CPU.ActiveCfg = Release|Any CPU
		{7EB51C65-E23C-4EC1-83D6-BAFC8F4FE1E3}.Release|Any CPU.Build.0 = Release|Any CPU
		{796BE8B4-92EC-4652-8D84-7056A351A26E}.Debug|Any CPU.ActiveCfg = Debug|Any CPU
		{796BE8B4-92EC-4652-8D84-7056A351A26E}.Debug|Any CPU.Build.0 = Debug|Any CPU
		{796BE8B4-92EC-4652-8D84-7056A351A26E}.Release|Any CPU.ActiveCfg = Release|Any CPU
		{796BE8B4-92EC-4652-8D84-7056A351A26E}.Release|Any CPU.Build.0 = Release|Any CPU
		{19CFC231-E341-45A3-BEA3-6687FABB3AFF}.Debug|Any CPU.ActiveCfg = Debug|Any CPU
		{19CFC231-E341-45A3-BEA3-6687FABB3AFF}.Debug|Any CPU.Build.0 = Debug|Any CPU
		{19CFC231-E341-45A3-BEA3-6687FABB3AFF}.Release|Any CPU.ActiveCfg = Release|Any CPU
		{19CFC231-E341-45A3-BEA3-6687FABB3AFF}.Release|Any CPU.Build.0 = Release|Any CPU
		{68E0F2E2-8ABE-49BB-AD42-08B93ED353D3}.Debug|Any CPU.ActiveCfg = Debug|Any CPU
		{68E0F2E2-8ABE-49BB-AD42-08B93ED353D3}.Debug|Any CPU.Build.0 = Debug|Any CPU
		{68E0F2E2-8ABE-49BB-AD42-08B93ED353D3}.Release|Any CPU.ActiveCfg = Release|Any CPU
		{68E0F2E2-8ABE-49BB-AD42-08B93ED353D3}.Release|Any CPU.Build.0 = Release|Any CPU
		{9108688D-6789-4216-AE0E-E83FF03038C5}.Debug|Any CPU.ActiveCfg = Debug|Any CPU
		{9108688D-6789-4216-AE0E-E83FF03038C5}.Debug|Any CPU.Build.0 = Debug|Any CPU
		{9108688D-6789-4216-AE0E-E83FF03038C5}.Release|Any CPU.ActiveCfg = Release|Any CPU
		{9108688D-6789-4216-AE0E-E83FF03038C5}.Release|Any CPU.Build.0 = Release|Any CPU
		{EF22B635-55CF-41AC-81C9-58760C8E8D79}.Debug|Any CPU.ActiveCfg = Debug|Any CPU
		{EF22B635-55CF-41AC-81C9-58760C8E8D79}.Debug|Any CPU.Build.0 = Debug|Any CPU
		{EF22B635-55CF-41AC-81C9-58760C8E8D79}.Release|Any CPU.ActiveCfg = Release|Any CPU
		{EF22B635-55CF-41AC-81C9-58760C8E8D79}.Release|Any CPU.Build.0 = Release|Any CPU
	EndGlobalSection
	GlobalSection(SolutionProperties) = preSolution
		HideSolutionNode = FALSE
	EndGlobalSection
	GlobalSection(NestedProjects) = preSolution
		{4526F858-F5B6-49BC-BC7D-C218AB7B1E20} = {4608DE97-67DB-4CB2-8AA7-ED0141CD28ED}
		{59E5CED1-C560-45AC-8B34-FE623818A996} = {DE03FC00-2526-4E12-8D74-436E04C1CE7C}
		{AB8E09D4-1AF8-4762-9DAC-0E9AB206E2C2} = {DE03FC00-2526-4E12-8D74-436E04C1CE7C}
		{7EB51C65-E23C-4EC1-83D6-BAFC8F4FE1E3} = {7621616C-C506-4D64-A5FC-E1415F8C0530}
		{796BE8B4-92EC-4652-8D84-7056A351A26E} = {7621616C-C506-4D64-A5FC-E1415F8C0530}
		{19CFC231-E341-45A3-BEA3-6687FABB3AFF} = {7621616C-C506-4D64-A5FC-E1415F8C0530}
		{68E0F2E2-8ABE-49BB-AD42-08B93ED353D3} = {7621616C-C506-4D64-A5FC-E1415F8C0530}
		{9108688D-6789-4216-AE0E-E83FF03038C5} = {007BA238-5210-423A-92E4-46088638D3F9}
		{EF22B635-55CF-41AC-81C9-58760C8E8D79} = {007BA238-5210-423A-92E4-46088638D3F9}
	EndGlobalSection
	GlobalSection(ExtensibilityGlobals) = postSolution
		SolutionGuid = {67D9FDD4-07D0-4F68-B46D-714AB501DD4E}
	EndGlobalSection
EndGlobal
